{
  "name": "lbr-ahk",
  "version": "1.0.0",
  "lockfileVersion": 2,
  "requires": true,
  "packages": {
    "": {
      "name": "lbr-ahk",
      "version": "1.0.0",
      "license": "ISC",
      "dependencies": {
        "graphicsearch.ahk": "^0.4.0"
      }
    },
    "node_modules/graphicsearch.ahk": {
      "version": "0.4.0",
      "resolved": "https://registry.npmjs.org/graphicsearch.ahk/-/graphicsearch.ahk-0.4.0.tgz",
      "integrity": "sha512-pWEkjvwIytm+yAXEpFcrI/uaFjrvOwZ90CBU1Vvs+aevBE4ARnWyM07UjRCMC6lxLsXOn5324DYJKVdIdeQOFQ=="
    }
  },
  "dependencies": {
    "graphicsearch.ahk": {
      "version": "0.4.0",
      "resolved": "https://registry.npmjs.org/graphicsearch.ahk/-/graphicsearch.ahk-0.4.0.tgz",
      "integrity": "sha512-pWEkjvwIytm+yAXEpFcrI/uaFjrvOwZ90CBU1Vvs+aevBE4ARnWyM07UjRCMC6lxLsXOn5324DYJKVdIdeQOFQ=="
    }
  }
}
